
Microsoft Visual Studio Solution File, Format Version 12.00
# Visual Studio Version 17
VisualStudioVersion = 17.0.31903.59
MinimumVisualStudioVersion = 10.0.40219.1
Project("{9A19103F-16F7-4668-BE54-9A1E7A4F7556}") = "MLNetPredict", "MLNetPredict\MLNetPredict.csproj", "{A42798B8-7345-4A7F-A704-62CC2BBD519E}"
EndProject
Project("{9A19103F-16F7-4668-BE54-9A1E7A4F7556}") = "MLNetPredict.Tests", "MLNetPredict.Tests\MLNetPredict.Tests.csproj", "{C47DB318-72C6-434F-A71A-ECC1736505BE}"
EndProject
Project("{2150E333-8FDC-42A3-9474-1A3956D46DE8}") = "docs", "docs", "{0C9A37F0-5A79-4228-BBA1-A576EE40C941}"
	ProjectSection(SolutionItems) = preProject
		..\README.md = ..\README.md
	EndProjectSection
EndProject
Project("{2150E333-8FDC-42A3-9474-1A3956D46DE8}") = "Solution Items", "Solution Items", "{F18975AA-E78E-4C6C-9F0F-FE3F4FAAF051}"
	ProjectSection(SolutionItems) = preProject
		Directory.Build.props = Directory.Build.props
	EndProjectSection
EndProject
Global
	GlobalSection(SolutionConfigurationPlatforms) = preSolution
		Debug|Any CPU = Debug|Any CPU
		Release|Any CPU = Release|Any CPU
	EndGlobalSection
	GlobalSection(ProjectConfigurationPlatforms) = postSolution
		{A42798B8-7345-4A7F-A704-62CC2BBD519E}.Debug|Any CPU.ActiveCfg = Debug|Any CPU
		{A42798B8-7345-4A7F-A704-62CC2BBD519E}.Debug|Any CPU.Build.0 = Debug|Any CPU
		{A42798B8-7345-4A7F-A704-62CC2BBD519E}.Release|Any CPU.ActiveCfg = Release|Any CPU
		{A42798B8-7345-4A7F-A704-62CC2BBD519E}.Release|Any CPU.Build.0 = Release|Any CPU
		{C47DB318-72C6-434F-A71A-ECC1736505BE}.Debug|Any CPU.ActiveCfg = Debug|Any CPU
		{C47DB318-72C6-434F-A71A-ECC1736505BE}.Debug|Any CPU.Build.0 = Debug|Any CPU
		{C47DB318-72C6-434F-A71A-ECC1736505BE}.Release|Any CPU.ActiveCfg = Release|Any CPU
		{C47DB318-72C6-434F-A71A-ECC1736505BE}.Release|Any CPU.Build.0 = Release|Any CPU
	EndGlobalSection
	GlobalSection(SolutionProperties) = preSolution
		HideSolutionNode = FALSE
	EndGlobalSection
	GlobalSection(ExtensibilityGlobals) = postSolution
		SolutionGuid = {35BB5D06-9CB7-489F-BF9C-6CC217C44E49}
	EndGlobalSection
EndGlobal
